
Microsoft Visual Studio Solution File, Format Version 12.00
# Visual Studio Version 17
VisualStudioVersion = 17.14.36202.13 d17.14
MinimumVisualStudioVersion = 10.0.40219.1
Project("{FAE04EC0-301F-11D3-BF4B-00C04F79EFBC}") = "ECommerce", "ECommerce.csproj", "{5439015E-AF52-40F1-8B90-61E290D6ED6A}"
EndProject
Global
	GlobalSection(SolutionConfigurationPlatforms) = preSolution
		Debug|Any CPU = Debug|Any CPU
		Release|Any CPU = Release|Any CPU
	EndGlobalSection
	GlobalSection(ProjectConfigurationPlatforms) = postSolution
		{5439015E-AF52-40F1-8B90-61E290D6ED6A}.Debug|Any CPU.ActiveCfg = Debug|Any CPU
		{5439015E-AF52-40F1-8B90-61E290D6ED6A}.Debug|Any CPU.Build.0 = Debug|Any CPU
		{5439015E-AF52-40F1-8B90-61E290D6ED6A}.Release|Any CPU.ActiveCfg = Release|Any CPU
		{5439015E-AF52-40F1-8B90-61E290D6ED6A}.Release|Any CPU.Build.0 = Release|Any CPU
	EndGlobalSection
	GlobalSection(SolutionProperties) = preSolution
		HideSolutionNode = FALSE
	EndGlobalSection
	GlobalSection(ExtensibilityGlobals) = postSolution
		SolutionGuid = {01DE1AF6-93C4-4B23-81B0-B8B249F7F4F3}
	EndGlobalSection
EndGlobal
